
Microsoft Visual Studio Solution File, Format Version 12.00
# Visual Studio Version 17
VisualStudioVersion = 17.8.34322.80
MinimumVisualStudioVersion = 10.0.40219.1
Project("{9A19103F-16F7-4668-BE54-9A1E7A4F7556}") = "PKX_DATN", "PKX_DATN\PKX_DATN.csproj", "{AD4283D4-999E-4EFE-8406-2F99EB494AFC}"
EndProject
Project("{9A19103F-16F7-4668-BE54-9A1E7A4F7556}") = "WebAdminPKX", "WebAdminPKX\WebAdminPKX.csproj", "{6A863688-8F3C-43E7-88D1-8CD587D25EE2}"
EndProject
Project("{9A19103F-16F7-4668-BE54-9A1E7A4F7556}") = "Domain", "Domain\Domain.csproj", "{952C69FB-7F47-4207-8693-E389F2067AC1}"
EndProject
Global
	GlobalSection(SolutionConfigurationPlatforms) = preSolution
		Debug|Any CPU = Debug|Any CPU
		Release|Any CPU = Release|Any CPU
	EndGlobalSection
	GlobalSection(ProjectConfigurationPlatforms) = postSolution
		{AD4283D4-999E-4EFE-8406-2F99EB494AFC}.Debug|Any CPU.ActiveCfg = Debug|Any CPU
		{AD4283D4-999E-4EFE-8406-2F99EB494AFC}.Debug|Any CPU.Build.0 = Debug|Any CPU
		{AD4283D4-999E-4EFE-8406-2F99EB494AFC}.Release|Any CPU.ActiveCfg = Release|Any CPU
		{AD4283D4-999E-4EFE-8406-2F99EB494AFC}.Release|Any CPU.Build.0 = Release|Any CPU
		{6A863688-8F3C-43E7-88D1-8CD587D25EE2}.Debug|Any CPU.ActiveCfg = Debug|Any CPU
		{6A863688-8F3C-43E7-88D1-8CD587D25EE2}.Debug|Any CPU.Build.0 = Debug|Any CPU
		{6A863688-8F3C-43E7-88D1-8CD587D25EE2}.Release|Any CPU.ActiveCfg = Release|Any CPU
		{6A863688-8F3C-43E7-88D1-8CD587D25EE2}.Release|Any CPU.Build.0 = Release|Any CPU
		{952C69FB-7F47-4207-8693-E389F2067AC1}.Debug|Any CPU.ActiveCfg = Debug|Any CPU
		{952C69FB-7F47-4207-8693-E389F2067AC1}.Debug|Any CPU.Build.0 = Debug|Any CPU
		{952C69FB-7F47-4207-8693-E389F2067AC1}.Release|Any CPU.ActiveCfg = Release|Any CPU
		{952C69FB-7F47-4207-8693-E389F2067AC1}.Release|Any CPU.Build.0 = Release|Any CPU
	EndGlobalSection
	GlobalSection(SolutionProperties) = preSolution
		HideSolutionNode = FALSE
	EndGlobalSection
	GlobalSection(ExtensibilityGlobals) = postSolution
		SolutionGuid = {85E24C17-BF30-4D9D-BD4F-82AAB549727C}
	EndGlobalSection
EndGlobal
